
Microsoft Visual Studio Solution File, Format Version 12.00
# Visual Studio Version 16
VisualStudioVersion = 16.0.31424.327
MinimumVisualStudioVersion = 10.0.40219.1
Project("{FAE04EC0-301F-11D3-BF4B-00C04F79EFBC}") = "DirectoryReader", "DirectoryReader\DirectoryReader.csproj", "{4312A418-7471-4B6A-A1B0-D4C43339E51A}"
EndProject
Global
	GlobalSection(SolutionConfigurationPlatforms) = preSolution
		Debug|Any CPU = Debug|Any CPU
		Release|Any CPU = Release|Any CPU
	EndGlobalSection
	GlobalSection(ProjectConfigurationPlatforms) = postSolution
		{4312A418-7471-4B6A-A1B0-D4C43339E51A}.Debug|Any CPU.ActiveCfg = Debug|Any CPU
		{4312A418-7471-4B6A-A1B0-D4C43339E51A}.Debug|Any CPU.Build.0 = Debug|Any CPU
		{4312A418-7471-4B6A-A1B0-D4C43339E51A}.Release|Any CPU.ActiveCfg = Release|Any CPU
		{4312A418-7471-4B6A-A1B0-D4C43339E51A}.Release|Any CPU.Build.0 = Release|Any CPU
	EndGlobalSection
	GlobalSection(SolutionProperties) = preSolution
		HideSolutionNode = FALSE
	EndGlobalSection
	GlobalSection(ExtensibilityGlobals) = postSolution
		SolutionGuid = {6D47A78A-08F9-468C-B284-27B07D96E7D7}
	EndGlobalSection
EndGlobal
